
Microsoft Visual Studio Solution File, Format Version 12.00
# Visual Studio Version 17
VisualStudioVersion = 17.11.35327.3
MinimumVisualStudioVersion = 10.0.40219.1
Project("{FAE04EC0-301F-11D3-BF4B-00C04F79EFBC}") = "WebApplicationAbonents", "WebApplicationAbonents\WebApplicationAbonents.csproj", "{467A1E71-92B4-42AF-864F-747934DF78FB}"
EndProject
Project("{FAE04EC0-301F-11D3-BF4B-00C04F79EFBC}") = "WpfAppAbonents", "WpfAppAbonents\WpfAppAbonents.csproj", "{7906FA6A-6AE8-49A0-97C2-BE6E12723923}"
EndProject
Global
	GlobalSection(SolutionConfigurationPlatforms) = preSolution
		Debug|Any CPU = Debug|Any CPU
		Release|Any CPU = Release|Any CPU
	EndGlobalSection
	GlobalSection(ProjectConfigurationPlatforms) = postSolution
		{467A1E71-92B4-42AF-864F-747934DF78FB}.Debug|Any CPU.ActiveCfg = Debug|Any CPU
		{467A1E71-92B4-42AF-864F-747934DF78FB}.Debug|Any CPU.Build.0 = Debug|Any CPU
		{467A1E71-92B4-42AF-864F-747934DF78FB}.Release|Any CPU.ActiveCfg = Release|Any CPU
		{467A1E71-92B4-42AF-864F-747934DF78FB}.Release|Any CPU.Build.0 = Release|Any CPU
		{7906FA6A-6AE8-49A0-97C2-BE6E12723923}.Debug|Any CPU.ActiveCfg = Debug|Any CPU
		{7906FA6A-6AE8-49A0-97C2-BE6E12723923}.Debug|Any CPU.Build.0 = Debug|Any CPU
		{7906FA6A-6AE8-49A0-97C2-BE6E12723923}.Release|Any CPU.ActiveCfg = Release|Any CPU
		{7906FA6A-6AE8-49A0-97C2-BE6E12723923}.Release|Any CPU.Build.0 = Release|Any CPU
	EndGlobalSection
	GlobalSection(SolutionProperties) = preSolution
		HideSolutionNode = FALSE
	EndGlobalSection
	GlobalSection(ExtensibilityGlobals) = postSolution
		SolutionGuid = {B16A413C-2EBE-4EF3-8A66-92C0423D93E2}
	EndGlobalSection
EndGlobal
